
Microsoft Visual Studio Solution File, Format Version 12.00
# Visual Studio 15
VisualStudioVersion = 15.0.27703.2026
MinimumVisualStudioVersion = 10.0.40219.1
Project("{FAE04EC0-301F-11D3-BF4B-00C04F79EFBC}") = "MyDiscordBot", "MyDiscordBot\MyDiscordBot.csproj", "{5095723A-44A5-4A3B-932C-17A7598C74CD}"
EndProject
Project("{2150E333-8FDC-42A3-9474-1A3956D46DE8}") = "Solution Items", "Solution Items", "{A702EA6B-85D0-42A1-90E8-96537FC6F08F}"
EndProject
Global
	GlobalSection(SolutionConfigurationPlatforms) = preSolution
		Debug|Any CPU = Debug|Any CPU
		Release|Any CPU = Release|Any CPU
	EndGlobalSection
	GlobalSection(ProjectConfigurationPlatforms) = postSolution
		{5095723A-44A5-4A3B-932C-17A7598C74CD}.Debug|Any CPU.ActiveCfg = Debug|Any CPU
		{5095723A-44A5-4A3B-932C-17A7598C74CD}.Debug|Any CPU.Build.0 = Debug|Any CPU
		{5095723A-44A5-4A3B-932C-17A7598C74CD}.Release|Any CPU.ActiveCfg = Release|Any CPU
		{5095723A-44A5-4A3B-932C-17A7598C74CD}.Release|Any CPU.Build.0 = Release|Any CPU
	EndGlobalSection
	GlobalSection(SolutionProperties) = preSolution
		HideSolutionNode = FALSE
	EndGlobalSection
	GlobalSection(ExtensibilityGlobals) = postSolution
		SolutionGuid = {931F9FC1-FDB1-4C50-A335-858A0A568791}
	EndGlobalSection
EndGlobal
